github.com/docopt/docopt-go v0.0.0-20180111231733-ee0de3bc6815 h1:bWDMxwH3px2JBh6AyO7hdCn/PkvCZXii8TGj7sbtEbQ=
github.com/docopt/docopt-go v0.0.0-20180111231733-ee0de3bc6815/go.mod h1:WwZ+bS3ebgob9U8Nd0kOddGdZWjyMGR8Wziv+TBNwSE=
github.com/yaa110/go-persian-calendar v0.6.1 h1:g8HCQSCPDlifGYRLBYAiz00RcuFqfmtDMGFzyg4hBQY=
github.com/yaa110/go-persian-calendar v0.6.1/go.mod h1:KaNCW2YgfpMb48BofaTT99u0hdKUILpHeGhqaZ6GgkQ=
github.com/yaa110/go-persian-calendar v1.0.2 h1:G5z6Heg4f2v4fwGSyRGXFsapr27RtrVScGsPttVyuxU=
github.com/yaa110/go-persian-calendar v1.0.2/go.mod h1:qtnmHCS9u1EiwzzSCSttGoxD5NfV9ZMzymxFCBYmqfg=
